
Microsoft Visual Studio Solution File, Format Version 12.00
# Visual Studio Version 16
VisualStudioVersion = 16.0.31424.327
MinimumVisualStudioVersion = 10.0.40219.1
Project("{FAE04EC0-301F-11D3-BF4B-00C04F79EFBC}") = "DockerCore5", "DockerCore5.csproj", "{B27DE732-2386-44B2-9E35-4D08A13F829F}"
EndProject
Global
	GlobalSection(SolutionConfigurationPlatforms) = preSolution
		Debug|Any CPU = Debug|Any CPU
		Release|Any CPU = Release|Any CPU
	EndGlobalSection
	GlobalSection(ProjectConfigurationPlatforms) = postSolution
		{B27DE732-2386-44B2-9E35-4D08A13F829F}.Debug|Any CPU.ActiveCfg = Debug|Any CPU
		{B27DE732-2386-44B2-9E35-4D08A13F829F}.Debug|Any CPU.Build.0 = Debug|Any CPU
		{B27DE732-2386-44B2-9E35-4D08A13F829F}.Release|Any CPU.ActiveCfg = Release|Any CPU
		{B27DE732-2386-44B2-9E35-4D08A13F829F}.Release|Any CPU.Build.0 = Release|Any CPU
	EndGlobalSection
	GlobalSection(SolutionProperties) = preSolution
		HideSolutionNode = FALSE
	EndGlobalSection
	GlobalSection(ExtensibilityGlobals) = postSolution
		SolutionGuid = {6C8F20D0-36CD-448F-9913-2F2EDB8CD4DC}
	EndGlobalSection
EndGlobal
